
Microsoft Visual Studio Solution File, Format Version 12.00
# Visual Studio Version 16
VisualStudioVersion = 16.0.31424.327
MinimumVisualStudioVersion = 10.0.40219.1
Project("{FAE04EC0-301F-11D3-BF4B-00C04F79EFBC}") = "MCSM", "MCSM\MCSM.csproj", "{8F716D44-39AE-40CC-9D06-702CC926E24A}"
EndProject
Project("{FAE04EC0-301F-11D3-BF4B-00C04F79EFBC}") = "MCSM_Core", "MCSM_Core\MCSM_Core.csproj", "{20797BD1-9D69-4BF8-A54A-97D2270E3575}"
EndProject
Global
	GlobalSection(SolutionConfigurationPlatforms) = preSolution
		Debug|Any CPU = Debug|Any CPU
		Release|Any CPU = Release|Any CPU
	EndGlobalSection
	GlobalSection(ProjectConfigurationPlatforms) = postSolution
		{8F716D44-39AE-40CC-9D06-702CC926E24A}.Debug|Any CPU.ActiveCfg = Debug|Any CPU
		{8F716D44-39AE-40CC-9D06-702CC926E24A}.Debug|Any CPU.Build.0 = Debug|Any CPU
		{8F716D44-39AE-40CC-9D06-702CC926E24A}.Release|Any CPU.ActiveCfg = Release|Any CPU
		{8F716D44-39AE-40CC-9D06-702CC926E24A}.Release|Any CPU.Build.0 = Release|Any CPU
		{20797BD1-9D69-4BF8-A54A-97D2270E3575}.Debug|Any CPU.ActiveCfg = Debug|Any CPU
		{20797BD1-9D69-4BF8-A54A-97D2270E3575}.Debug|Any CPU.Build.0 = Debug|Any CPU
		{20797BD1-9D69-4BF8-A54A-97D2270E3575}.Release|Any CPU.ActiveCfg = Release|Any CPU
		{20797BD1-9D69-4BF8-A54A-97D2270E3575}.Release|Any CPU.Build.0 = Release|Any CPU
	EndGlobalSection
	GlobalSection(SolutionProperties) = preSolution
		HideSolutionNode = FALSE
	EndGlobalSection
	GlobalSection(ExtensibilityGlobals) = postSolution
		SolutionGuid = {C054B73E-82D1-4A2E-ACD5-D18B8AFB40AD}
	EndGlobalSection
EndGlobal
